
Microsoft Visual Studio Solution File, Format Version 12.00
# Visual Studio Version 17
VisualStudioVersion = 17.5.33502.453
MinimumVisualStudioVersion = 10.0.40219.1
Project("{FAE04EC0-301F-11D3-BF4B-00C04F79EFBC}") = "Module14", "Module14.csproj", "{99D624B9-3922-4A2F-9CB1-496499733688}"
EndProject
Global
	GlobalSection(SolutionConfigurationPlatforms) = preSolution
		Debug|Any CPU = Debug|Any CPU
		Release|Any CPU = Release|Any CPU
	EndGlobalSection
	GlobalSection(ProjectConfigurationPlatforms) = postSolution
		{99D624B9-3922-4A2F-9CB1-496499733688}.Debug|Any CPU.ActiveCfg = Debug|Any CPU
		{99D624B9-3922-4A2F-9CB1-496499733688}.Debug|Any CPU.Build.0 = Debug|Any CPU
		{99D624B9-3922-4A2F-9CB1-496499733688}.Release|Any CPU.ActiveCfg = Release|Any CPU
		{99D624B9-3922-4A2F-9CB1-496499733688}.Release|Any CPU.Build.0 = Release|Any CPU
	EndGlobalSection
	GlobalSection(SolutionProperties) = preSolution
		HideSolutionNode = FALSE
	EndGlobalSection
	GlobalSection(ExtensibilityGlobals) = postSolution
		SolutionGuid = {AD6623DD-7E96-4CF2-834F-549575C7138E}
	EndGlobalSection
EndGlobal
